
Microsoft Visual Studio Solution File, Format Version 12.00
# Visual Studio 15
VisualStudioVersion = 15.0.26730.15
MinimumVisualStudioVersion = 10.0.40219.1
Project("{FAE04EC0-301F-11D3-BF4B-00C04F79EFBC}") = "ObjectOverrides", "ObjectOverrides\ObjectOverrides.csproj", "{F7EA1472-6E59-4C42-9F57-2155A96AD420}"
EndProject
Global
	GlobalSection(SolutionConfigurationPlatforms) = preSolution
		Debug|Any CPU = Debug|Any CPU
		Release|Any CPU = Release|Any CPU
	EndGlobalSection
	GlobalSection(ProjectConfigurationPlatforms) = postSolution
		{F7EA1472-6E59-4C42-9F57-2155A96AD420}.Debug|Any CPU.ActiveCfg = Debug|Any CPU
		{F7EA1472-6E59-4C42-9F57-2155A96AD420}.Debug|Any CPU.Build.0 = Debug|Any CPU
		{F7EA1472-6E59-4C42-9F57-2155A96AD420}.Release|Any CPU.ActiveCfg = Release|Any CPU
		{F7EA1472-6E59-4C42-9F57-2155A96AD420}.Release|Any CPU.Build.0 = Release|Any CPU
	EndGlobalSection
	GlobalSection(SolutionProperties) = preSolution
		HideSolutionNode = FALSE
	EndGlobalSection
	GlobalSection(ExtensibilityGlobals) = postSolution
		SolutionGuid = {B9F74C59-D462-40DA-B44D-06DA0232D88A}
	EndGlobalSection
EndGlobal
